# This file was autogenerated by uv via the following command:
#    uv pip compile requirements.txt --python-version 3.11 --python-platform x86_64-unknown-linux-gnu -o requirements.lock
annotated-doc==0.0.4
    # via fastapi
annotated-types==0.7.0
    # via pydantic
anyio==4.13.0
    # via
    #   starlette
    #   watchfiles
bokeh==3.9.0
    # via -r requirements.txt
certifi==2026.4.22
    # via
    #   requests
    #   sentry-sdk
charset-normalizer==3.4.7
    # via requests
click==8.3.3
    # via uvicorn
contourpy==1.3.3
    # via
    #   bokeh
    #   matplotlib
cycler==0.12.1
    # via matplotlib
docker==7.1.0
    # via -r requirements.txt
drawsvg==2.4.1
    # via -r requirements.txt
et-xmlfile==2.0.0
    # via openpyxl
fastapi==0.136.1
    # via
    #   -r requirements.txt
    #   sentry-sdk
fonttools==4.62.1
    # via matplotlib
h11==0.16.0
    # via uvicorn
httptools==0.7.1
    # via uvicorn
idna==3.14
    # via
    #   anyio
    #   requests
iniconfig==2.3.0
    # via pytest
jinja2==3.1.6
    # via bokeh
joblib==1.5.3
    # via scikit-learn
kiwisolver==1.5.0
    # via matplotlib
markupsafe==3.0.3
    # via jinja2
matplotlib==3.10.9
    # via
    #   -r requirements.txt
    #   matplotlib-venn
    #   plotnine
    #   python-ternary
    #   scienceplots
    #   seaborn
    #   wordcloud
    #   wqchartpy
matplotlib-venn==1.1.2
    # via -r requirements.txt
mizani==0.14.4
    # via plotnine
mpmath==1.3.0
    # via sympy
narwhals==2.21.0
    # via
    #   bokeh
    #   plotly
numpy==2.4.4
    # via
    #   -r requirements.txt
    #   bokeh
    #   contourpy
    #   matplotlib
    #   matplotlib-venn
    #   mizani
    #   pandas
    #   patsy
    #   plotnine
    #   scikit-learn
    #   scipy
    #   seaborn
    #   statsmodels
    #   wordcloud
    #   wqchartpy
openpyxl==3.1.5
    # via -r requirements.txt
packaging==26.2
    # via
    #   bokeh
    #   matplotlib
    #   plotly
    #   pytest
    #   statsmodels
pandas==3.0.2
    # via
    #   -r requirements.txt
    #   mizani
    #   plotnine
    #   seaborn
    #   statsmodels
    #   wqchartpy
patsy==1.0.2
    # via statsmodels
pillow==12.2.0
    # via
    #   bokeh
    #   matplotlib
    #   wordcloud
plotly==6.7.0
    # via -r requirements.txt
plotnine==0.15.4
    # via -r requirements.txt
pluggy==1.6.0
    # via pytest
polars==1.40.1
    # via -r requirements.txt
polars-runtime-32==1.40.1
    # via polars
psutil==7.2.2
    # via -r requirements.txt
pyarrow==24.0.0
    # via -r requirements.txt
pydantic==2.13.4
    # via
    #   fastapi
    #   pydantic-settings
pydantic-core==2.46.4
    # via pydantic
pydantic-settings==2.14.1
    # via -r requirements.txt
pygments==2.20.0
    # via pytest
pyparsing==3.3.2
    # via matplotlib
pytest==9.0.3
    # via
    #   -r requirements.txt
    #   pytest-asyncio
pytest-asyncio==1.3.0
    # via -r requirements.txt
python-dateutil==2.9.0.post0
    # via
    #   -r requirements.txt
    #   matplotlib
    #   pandas
python-dotenv==1.2.2
    # via
    #   pydantic-settings
    #   uvicorn
python-multipart==0.0.28
    # via -r requirements.txt
python-ternary==1.0.8
    # via -r requirements.txt
pyyaml==6.0.3
    # via
    #   bokeh
    #   uvicorn
requests==2.33.1
    # via docker
scienceplots==2.2.1
    # via -r requirements.txt
scikit-learn==1.8.0
    # via
    #   -r requirements.txt
    #   wqchartpy
scipy==1.17.1
    # via
    #   -r requirements.txt
    #   matplotlib-venn
    #   mizani
    #   plotnine
    #   scikit-learn
    #   statsmodels
    #   wqchartpy
seaborn==0.13.2
    # via -r requirements.txt
sentry-sdk==2.59.0
    # via -r requirements.txt
six==1.17.0
    # via python-dateutil
starlette==1.0.0
    # via fastapi
statsmodels==0.14.6
    # via
    #   -r requirements.txt
    #   plotnine
sympy==1.14.0
    # via -r requirements.txt
threadpoolctl==3.6.0
    # via scikit-learn
tornado==6.5.5
    # via bokeh
typing-extensions==4.15.0
    # via
    #   anyio
    #   fastapi
    #   pydantic
    #   pydantic-core
    #   pytest-asyncio
    #   starlette
    #   typing-inspection
typing-inspection==0.4.2
    # via
    #   fastapi
    #   pydantic
    #   pydantic-settings
urllib3==2.7.0
    # via
    #   docker
    #   requests
    #   sentry-sdk
uvicorn==0.46.0
    # via -r requirements.txt
uvloop==0.22.1
    # via uvicorn
watchfiles==1.1.1
    # via uvicorn
websockets==16.0
    # via uvicorn
wordcloud==1.9.6
    # via -r requirements.txt
wqchartpy==0.1.10
    # via -r requirements.txt
xlrd==2.0.2
    # via -r requirements.txt
xlsxwriter==3.2.9
    # via -r requirements.txt
xyzservices==2026.3.0
    # via bokeh
